{
  "originHash" : "da2ad2c60afc39f48210ed53f92c218f948c8dc29c738a785fc13b6523103523",
  "pins" : [
    {
      "identity" : "yams",
      "kind" : "remoteSourceControl",
      "location" : "https://github.com/jpsim/Yams.git",
      "state" : {
        "revision" : "f4d4d6827d36092d151ad7f6fef1991c1b7192f6",
        "version" : "6.0.2"
      }
    }
  ],
  "version" : 3
}
